dependencies:
- name: clickhouse
  repository: file://../clickhouse
  version: 0.0.3
- name: kafka
  repository: file://../kafka
  version: 0.2.0
- name: telegraf
  repository: file://../telegraf
  version: 0.1.0
- name: pmacct
  repository: file://../pmacct
  version: 0.1.2
- name: metranova-snmp-pipeline
  repository: file://../snmp-pipeline
  version: 0.1.0
- name: metranova-flow-pipeline
  repository: file://../flow-pipeline
  version: 0.1.0
- name: metranova-api
  repository: file://../api
  version: 0.1.0
- name: grafana
  repository: https://grafana.github.io/helm-charts
  version: 8.15.0
digest: sha256:7d713b2eb222b02355096448593e0accc35584f653d5aaa6f458a6da5a1e108f
generated: "2026-04-28T15:44:33.504154901Z"
